
Microsoft Visual Studio Solution File, Format Version 12.00
# Visual Studio 15
VisualStudioVersion = 15.0.28307.106
MinimumVisualStudioVersion = 10.0.40219.1
Project("{FAE04EC0-301F-11D3-BF4B-00C04F79EFBC}") = "JS_HW4", "JS_HW4\JS_HW4.csproj", "{6636BD6C-BED2-40DB-B765-C1E072A125FB}"
EndProject
Global
	GlobalSection(SolutionConfigurationPlatforms) = preSolution
		Debug|Any CPU = Debug|Any CPU
		Release|Any CPU = Release|Any CPU
	EndGlobalSection
	GlobalSection(ProjectConfigurationPlatforms) = postSolution
		{6636BD6C-BED2-40DB-B765-C1E072A125FB}.Debug|Any CPU.ActiveCfg = Debug|Any CPU
		{6636BD6C-BED2-40DB-B765-C1E072A125FB}.Debug|Any CPU.Build.0 = Debug|Any CPU
		{6636BD6C-BED2-40DB-B765-C1E072A125FB}.Release|Any CPU.ActiveCfg = Release|Any CPU
		{6636BD6C-BED2-40DB-B765-C1E072A125FB}.Release|Any CPU.Build.0 = Release|Any CPU
	EndGlobalSection
	GlobalSection(SolutionProperties) = preSolution
		HideSolutionNode = FALSE
	EndGlobalSection
	GlobalSection(ExtensibilityGlobals) = postSolution
		SolutionGuid = {FAF41226-56E7-4BB5-9DAB-A2A3D6ABD805}
	EndGlobalSection
EndGlobal
